
Microsoft Visual Studio Solution File, Format Version 12.00
# Visual Studio 15
VisualStudioVersion = 15.0.28307.902
MinimumVisualStudioVersion = 10.0.40219.1
Project("{FAE04EC0-301F-11D3-BF4B-00C04F79EFBC}") = "VirusSilen3000", "VirusSilen3000\VirusSilen3000.csproj", "{B1D7929A-C1A7-43B2-A6EE-0C3F1C386B4A}"
EndProject
Global
	GlobalSection(SolutionConfigurationPlatforms) = preSolution
		Debug|Any CPU = Debug|Any CPU
		Release|Any CPU = Release|Any CPU
	EndGlobalSection
	GlobalSection(ProjectConfigurationPlatforms) = postSolution
		{B1D7929A-C1A7-43B2-A6EE-0C3F1C386B4A}.Debug|Any CPU.ActiveCfg = Debug|Any CPU
		{B1D7929A-C1A7-43B2-A6EE-0C3F1C386B4A}.Debug|Any CPU.Build.0 = Debug|Any CPU
		{B1D7929A-C1A7-43B2-A6EE-0C3F1C386B4A}.Release|Any CPU.ActiveCfg = Release|Any CPU
		{B1D7929A-C1A7-43B2-A6EE-0C3F1C386B4A}.Release|Any CPU.Build.0 = Release|Any CPU
	EndGlobalSection
	GlobalSection(SolutionProperties) = preSolution
		HideSolutionNode = FALSE
	EndGlobalSection
	GlobalSection(ExtensibilityGlobals) = postSolution
		SolutionGuid = {6ECBFECB-B0E7-4AF2-A68F-1E9485C33C64}
	EndGlobalSection
EndGlobal
